{
  "lib/buffer": {
    "rev": "82cc81935de1d1a82e021cf1030d902c5248982b"
  },
  "lib/ens-contracts": {
    "rev": "a392133a641f7a88dd8d08616e1113e1b6d0416a"
  },
  "lib/forge-std": {
    "rev": "77041d2ce690e692d6e03cc812b57d1ddaa4d505"
  },
  "lib/openzeppelin-contracts": {
    "rev": "e4f70216d759d8e6a64144a9e1f7bbeed78e7079"
  },
  "lib/openzeppelin-contracts-upgradeable": {
    "rev": "5fc3fee14043035097ae718387200f4f4daaa982"
  },
  "lib/openzeppelin-contracts-v4": {
    "rev": "54b3f14346da01ba0d159114b399197fea8b7cda"
  },
  "lib/solsha1": {
    "rev": "c4fbe97cf5e8c1b8d607001588fd23abb5bfb923"
  },
  "lib/surge-taiko-mono": {
    "tag": {
      "name": "v25.1.1",
      "rev": "e9c2ae6658ab69afe16f09d2ddca158046b47962"
    }
  },
  "lib/unruggable-gateways": {
    "rev": "3d68742832c68bf9a158c7bcd1aa47fad511b213"
  },
  "lib/verifiable-factory": {
    "rev": "c47c0e61ce03b3ab5891a3b743287b54aee9f021"
  }
}