{
  "lib/openzeppelin-contracts-upgradeable": {
    "rev": "5fc3fee14043035097ae718387200f4f4daaa982"
  },
  "lib/solsha1": {
    "rev": "c4fbe97cf5e8c1b8d607001588fd23abb5bfb923"
  },
  "lib/forge-std": {
    "rev": "77041d2ce690e692d6e03cc812b57d1ddaa4d505"
  },
  "lib/unruggable-gateways": {
    "rev": "84d0a07772618a293abf3f778f4caabd51ca8ff5"
  },
  "lib/ens-contracts": {
    "rev": "b6cb0e26f4039edab95cc465dc19f4b805ef95ba"
  },
  "lib/openzeppelin-contracts-v4": {
    "rev": "54b3f14346da01ba0d159114b399197fea8b7cda"
  },
  "lib/verifiable-factory": {
    "rev": "c47c0e61ce03b3ab5891a3b743287b54aee9f021"
  },
  "lib/openzeppelin-contracts": {
    "rev": "e4f70216d759d8e6a64144a9e1f7bbeed78e7079"
  },
  "lib/buffer": {
    "rev": "82cc81935de1d1a82e021cf1030d902c5248982b"
  }
}